// !$*UTF8*$!
{
	archiveVersion = 1;
	classes = {
	};
	objectVersion = 56;
	objects = {

/* Begin PBXBuildFile section */
		ACE029BD2BF3EAB800079195 /* AppDelegate.swift in Sources */ = {isa = PBXBuildFile; fileRef = ACE029BC2BF3EAB800079195 /* AppDelegate.swift */; };
		ACE029BF2BF3EAB800079195 /* SceneDelegate.swift in Sources */ = {isa = PBXBuildFile; fileRef = ACE029BE2BF3EAB800079195 /* SceneDelegate.swift */; };
		ACE029C12BF3EAB800079195 /* ViewController.swift in Sources */ = {isa = PBXBuildFile; fileRef = ACE029C02BF3EAB800079195 /* ViewController.swift */; };
		ACE029C42BF3EAB800079195 /* Main.storyboard in Resources */ = {isa = PBXBuildFile; fileRef = ACE029C22BF3EAB800079195 /* Main.storyboard */; };
		ACE029C62BF3EABD00079195 /* Assets.xcassets in Resources */ = {isa = PBXBuildFile; fileRef = ACE029C52BF3EABD00079195 /* Assets.xcassets */; };
		ACE029C92BF3EABD00079195 /* LaunchScreen.storyboard in Resources */ = {isa = PBXBuildFile; fileRef = ACE029C72BF3EABD00079195 /* LaunchScreen.storyboard */; };
		ACE029D12BF3FA0100079195 /* TelaxViewController.swift in Sources */ = {isa = PBXBuildFile; fileRef = ACE029D02BF3FA0100079195 /* TelaxViewController.swift */; };
		ACE029D32BF3FCB200079195 /* TelaVermelhaViewController.swift in Sources */ = {isa = PBXBuildFile; fileRef = ACE029D22BF3FCB200079195 /* TelaVermelhaViewController.swift */; };
		ACE029D52BF3FF8900079195 /* TelaInicialViewController.swift in Sources */ = {isa = PBXBuildFile; fileRef = ACE029D42BF3FF8900079195 /* TelaInicialViewController.swift */; };
/* End PBXBuildFile section */

/* Begin PBXFileReference section */
		ACE029B92BF3EAB800079195 /* NavegandoEntreTelas.app */ = {isa = PBXFileReference; explicitFileType = wrapper.application; includeInIndex = 0; path = NavegandoEntreTelas.app; sourceTree = BUILT_PRODUCTS_DIR; };
		ACE029BC2BF3EAB800079195 /* AppDelegate.swift */ = {isa = PBXFileReference; lastKnownFileType = sourcecode.swift; path = AppDelegate.swift; sourceTree = "<group>"; };
		ACE029BE2BF3EAB800079195 /* SceneDelegate.swift */ = {isa = PBXFileReference; lastKnownFileType = sourcecode.swift; path = SceneDelegate.swift; sourceTree = "<group>"; };
		ACE029C02BF3EAB800079195 /* ViewController.swift */ = {isa = PBXFileReference; lastKnownFileType = sourcecode.swift; path = ViewController.swift; sourceTree = "<group>"; };
		ACE029C32BF3EAB800079195 /* Base */ = {isa = PBXFileReference; lastKnownFileType = file.storyboard; name = Base; path = Base.lproj/Main.storyboard; sourceTree = "<group>"; };
		ACE029C52BF3EABD00079195 /* Assets.xcassets */ = {isa = PBXFileReference; lastKnownFileType = folder.assetcatalog; path = Assets.xcassets; sourceTree = "<group>"; };
		ACE029C82BF3EABD00079195 /* Base */ = {isa = PBXFileReference; lastKnownFileType = file.storyboard; name = Base; path = Base.lproj/LaunchScreen.storyboard; sourceTree = "<group>"; };
		ACE029CA2BF3EABD00079195 /* Info.plist */ = {isa = PBXFileReference; lastKnownFileType = text.plist.xml; path = Info.plist; sourceTree = "<group>"; };
		ACE029D02BF3FA0100079195 /* TelaxViewController.swift */ = {isa = PBXFileReference; lastKnownFileType = sourcecode.swift; path = TelaxViewController.swift; sourceTree = "<group>"; };
		ACE029D22BF3FCB200079195 /* TelaVermelhaViewController.swift */ = {isa = PBXFileReference; lastKnownFileType = sourcecode.swift; path = TelaVermelhaViewController.swift; sourceTree = "<group>"; };
		ACE029D42BF3FF8900079195 /* TelaInicialViewController.swift */ = {isa = PBXFileReference; lastKnownFileType = sourcecode.swift; path = TelaInicialViewController.swift; sourceTree = "<group>"; };
/* End PBXFileReference section */

/* Begin PBXFrameworksBuildPhase section */
		ACE029B62BF3EAB800079195 /* Frameworks */ = {
			isa = PBXFrameworksBuildPhase;
			buildActionMask = 2147483647;
			files = (
			);
			runOnlyForDeploymentPostprocessing = 0;
		};
/* End PBXFrameworksBuildPhase section */

/* Begin PBXGroup section */
		ACE029B02BF3EAB800079195 = {
			isa = PBXGroup;
			children = (
				ACE029BB2BF3EAB800079195 /* NavegandoEntreTelas */,
				ACE029BA2BF3EAB800079195 /* Products */,
			);
			sourceTree = "<group>";
		};
		ACE029BA2BF3EAB800079195 /* Products */ = {
			isa = PBXGroup;
			children = (
				ACE029B92BF3EAB800079195 /* NavegandoEntreTelas.app */,
			);
			name = Products;
			sourceTree = "<group>";
		};
		ACE029BB2BF3EAB800079195 /* NavegandoEntreTelas */ = {
			isa = PBXGroup;
			children = (
				ACE029BC2BF3EAB800079195 /* AppDelegate.swift */,
				ACE029BE2BF3EAB800079195 /* SceneDelegate.swift */,
				ACE029C02BF3EAB800079195 /* ViewController.swift */,
				ACE029C22BF3EAB800079195 /* Main.storyboard */,
				ACE029D22BF3FCB200079195 /* TelaVermelhaViewController.swift */,
				ACE029D02BF3FA0100079195 /* TelaxViewController.swift */,
				ACE029D42BF3FF8900079195 /* TelaInicialViewController.swift */,
				ACE029C52BF3EABD00079195 /* Assets.xcassets */,
				ACE029C72BF3EABD00079195 /* LaunchScreen.storyboard */,
				ACE029CA2BF3EABD00079195 /* Info.plist */,
			);
			path = NavegandoEntreTelas;
			sourceTree = "<group>";
		};
/* End PBXGroup section */

/* Begin PBXNativeTarget section */
		ACE029B82BF3EAB800079195 /* NavegandoEntreTelas */ = {
			isa = PBXNativeTarget;
			buildConfigurationList = ACE029CD2BF3EABD00079195 /* Build configuration list for PBXNativeTarget "NavegandoEntreTelas" */;
			buildPhases = (
				ACE029B52BF3EAB800079195 /* Sources */,
				ACE029B62BF3EAB800079195 /* Frameworks */,
				ACE029B72BF3EAB800079195 /* Resources */,
			);
			buildRules = (
			);
			dependencies = (
			);
			name = NavegandoEntreTelas;
			productName = NavegandoEntreTelas;
			productReference = ACE029B92BF3EAB800079195 /* NavegandoEntreTelas.app */;
			productType = "com.apple.product-type.application";
		};
/* End PBXNativeTarget section */

/* Begin PBXProject section */
		ACE029B12BF3EAB800079195 /* Project object */ = {
			isa = PBXProject;
			attributes = {
				BuildIndependentTargetsInParallel = 1;
				LastSwiftUpdateCheck = 1430;
				LastUpgradeCheck = 1430;
				TargetAttributes = {
					ACE029B82BF3EAB800079195 = {
						CreatedOnToolsVersion = 14.3.1;
					};
				};
			};
			buildConfigurationList = ACE029B42BF3EAB800079195 /* Build configuration list for PBXProject "NavegandoEntreTelas" */;
			compatibilityVersion = "Xcode 14.0";
			developmentRegion = en;
			hasScannedForEncodings = 0;
			knownRegions = (
				en,
				Base,
			);
			mainGroup = ACE029B02BF3EAB800079195;
			productRefGroup = ACE029BA2BF3EAB800079195 /* Products */;
			projectDirPath = "";
			projectRoot = "";
			targets = (
				ACE029B82BF3EAB800079195 /* NavegandoEntreTelas */,
			);
		};
/* End PBXProject section */

/* Begin PBXResourcesBuildPhase section */
		ACE029B72BF3EAB800079195 /* Resources */ = {
			isa = PBXResourcesBuildPhase;
			buildActionMask = 2147483647;
			files = (
				ACE029C92BF3EABD00079195 /* LaunchScreen.storyboard in Resources */,
				ACE029C62BF3EABD00079195 /* Assets.xcassets in Resources */,
				ACE029C42BF3EAB800079195 /* Main.storyboard in Resources */,
			);
			runOnlyForDeploymentPostprocessing = 0;
		};
/* End PBXResourcesBuildPhase section */

/* Begin PBXSourcesBuildPhase section */
		ACE029B52BF3EAB800079195 /* Sources */ = {
			isa = PBXSourcesBuildPhase;
			buildActionMask = 2147483647;
			files = (
				ACE029C12BF3EAB800079195 /* ViewController.swift in Sources */,
				ACE029D32BF3FCB200079195 /* TelaVermelhaViewController.swift in Sources */,
				ACE029D12BF3FA0100079195 /* TelaxViewController.swift in Sources */,
				ACE029BD2BF3EAB800079195 /* AppDelegate.swift in Sources */,
				ACE029D52BF3FF8900079195 /* TelaInicialViewController.swift in Sources */,
				ACE029BF2BF3EAB800079195 /* SceneDelegate.swift in Sources */,
			);
			runOnlyForDeploymentPostprocessing = 0;
		};
/* End PBXSourcesBuildPhase section */

/* Begin PBXVariantGroup section */
		ACE029C22BF3EAB800079195 /* Main.storyboard */ = {
			isa = PBXVariantGroup;
			children = (
				ACE029C32BF3EAB800079195 /* Base */,
			);
			name = Main.storyboard;
			sourceTree = "<group>";
		};
		ACE029C72BF3EABD00079195 /* LaunchScreen.storyboard */ = {
			isa = PBXVariantGroup;
			children = (
				ACE029C82BF3EABD00079195 /* Base */,
			);
			name = LaunchScreen.storyboard;
			sourceTree = "<group>";
		};
/* End PBXVariantGroup section */

/* Begin XCBuildConfiguration section */
		ACE029CB2BF3EABD00079195 /* Debug */ = {
			isa = XCBuildConfiguration;
			buildSettings = {
				ALWAYS_SEARCH_USER_PATHS = NO;
				CLANG_ANALYZER_NONNULL = YES;
				CLANG_ANALYZER_NUMBER_OBJECT_CONVERSION = YES_AGGRESSIVE;
				CLANG_CXX_LANGUAGE_STANDARD = "gnu++20";
				CLANG_ENABLE_MODULES = YES;
				CLANG_ENABLE_OBJC_ARC = YES;
				CLANG_ENABLE_OBJC_WEAK = YES;
				CLANG_WARN_BLOCK_CAPTURE_AUTORELEASING = YES;
				CLANG_WARN_BOOL_CONVERSION = YES;
				CLANG_WARN_COMMA = YES;
				CLANG_WARN_CONSTANT_CONVERSION = YES;
				CLANG_WARN_DEPRECATED_OBJC_IMPLEMENTATIONS = YES;
				CLANG_WARN_DIRECT_OBJC_ISA_USAGE = YES_ERROR;
				CLANG_WARN_DOCUMENTATION_COMMENTS = YES;
				CLANG_WARN_EMPTY_BODY = YES;
				CLANG_WARN_ENUM_CONVERSION = YES;
				CLANG_WARN_INFINITE_RECURSION = YES;
				CLANG_WARN_INT_CONVERSION = YES;
				CLANG_WARN_NON_LITERAL_NULL_CONVERSION = YES;
				CLANG_WARN_OBJC_IMPLICIT_RETAIN_SELF = YES;
				CLANG_WARN_OBJC_LITERAL_CONVERSION = YES;
				CLANG_WARN_OBJC_ROOT_CLASS = YES_ERROR;
				CLANG_WARN_QUOTED_INCLUDE_IN_FRAMEWORK_HEADER = YES;
				CLANG_WARN_RANGE_LOOP_ANALYSIS = YES;
				CLANG_WARN_STRICT_PROTOTYPES = YES;
				CLANG_WARN_SUSPICIOUS_MOVE = YES;
				CLANG_WARN_UNGUARDED_AVAILABILITY = YES_AGGRESSIVE;
				CLANG_WARN_UNREACHABLE_CODE = YES;
				CLANG_WARN__DUPLICATE_METHOD_MATCH = YES;
				COPY_PHASE_STRIP = NO;
				DEBUG_INFORMATION_FORMAT = dwarf;
				ENABLE_STRICT_OBJC_MSGSEND = YES;
				ENABLE_TESTABILITY = YES;
				GCC_C_LANGUAGE_STANDARD = gnu11;
				GCC_DYNAMIC_NO_PIC = NO;
				GCC_NO_COMMON_BLOCKS = YES;
				GCC_OPTIMIZATION_LEVEL = 0;
				GCC_PREPROCESSOR_DEFINITIONS = (
					"DEBUG=1",
					"$(inherited)",
				);
				GCC_WARN_64_TO_32_BIT_CONVERSION = YES;
				GCC_WARN_ABOUT_RETURN_TYPE = YES_ERROR;
				GCC_WARN_UNDECLARED_SELECTOR = YES;
				GCC_WARN_UNINITIALIZED_AUTOS = YES_AGGRESSIVE;
				GCC_WARN_UNUSED_FUNCTION = YES;
				GCC_WARN_UNUSED_VARIABLE = YES;
				IPHONEOS_DEPLOYMENT_TARGET = 16.4;
				MTL_ENABLE_DEBUG_INFO = INCLUDE_SOURCE;
				MTL_FAST_MATH = YES;
				ONLY_ACTIVE_ARCH = YES;
				SDKROOT = iphoneos;
				SWIFT_ACTIVE_COMPILATION_CONDITIONS = DEBUG;
				SWIFT_OPTIMIZATION_LEVEL = "-Onone";
			};
			name = Debug;
		};
		ACE029CC2BF3EABD00079195 /* Release */ = {
			isa = XCBuildConfiguration;
			buildSettings = {
				ALWAYS_SEARCH_USER_PATHS = NO;
				CLANG_ANALYZER_NONNULL = YES;
				CLANG_ANALYZER_NUMBER_OBJECT_CONVERSION = YES_AGGRESSIVE;
				CLANG_CXX_LANGUAGE_STANDARD = "gnu++20";
				CLANG_ENABLE_MODULES = YES;
				CLANG_ENABLE_OBJC_ARC = YES;
				CLANG_ENABLE_OBJC_WEAK = YES;
				CLANG_WARN_BLOCK_CAPTURE_AUTORELEASING = YES;
				CLANG_WARN_BOOL_CONVERSION = YES;
				CLANG_WARN_COMMA = YES;
				CLANG_WARN_CONSTANT_CONVERSION = YES;
				CLANG_WARN_DEPRECATED_OBJC_IMPLEMENTATIONS = YES;
				CLANG_WARN_DIRECT_OBJC_ISA_USAGE = YES_ERROR;
				CLANG_WARN_DOCUMENTATION_COMMENTS = YES;
				CLANG_WARN_EMPTY_BODY = YES;
				CLANG_WARN_ENUM_CONVERSION = YES;
				CLANG_WARN_INFINITE_RECURSION = YES;
				CLANG_WARN_INT_CONVERSION = YES;
				CLANG_WARN_NON_LITERAL_NULL_CONVERSION = YES;
				CLANG_WARN_OBJC_IMPLICIT_RETAIN_SELF = YES;
				CLANG_WARN_OBJC_LITERAL_CONVERSION = YES;
				CLANG_WARN_OBJC_ROOT_CLASS = YES_ERROR;
				CLANG_WARN_QUOTED_INCLUDE_IN_FRAMEWORK_HEADER = YES;
				CLANG_WARN_RANGE_LOOP_ANALYSIS = YES;
				CLANG_WARN_STRICT_PROTOTYPES = YES;
				CLANG_WARN_SUSPICIOUS_MOVE = YES;
				CLANG_WARN_UNGUARDED_AVAILABILITY = YES_AGGRESSIVE;
				CLANG_WARN_UNREACHABLE_CODE = YES;
				CLANG_WARN__DUPLICATE_METHOD_MATCH = YES;
				COPY_PHASE_STRIP = NO;
				DEBUG_INFORMATION_FORMAT = "dwarf-with-dsym";
				ENABLE_NS_ASSERTIONS = NO;
				ENABLE_STRICT_OBJC_MSGSEND = YES;
				GCC_C_LANGUAGE_STANDARD = gnu11;
				GCC_NO_COMMON_BLOCKS = YES;
				GCC_WARN_64_TO_32_BIT_CONVERSION = YES;
				GCC_WARN_ABOUT_RETURN_TYPE = YES_ERROR;
				GCC_WARN_UNDECLARED_SELECTOR = YES;
				GCC_WARN_UNINITIALIZED_AUTOS = YES_AGGRESSIVE;
				GCC_WARN_UNUSED_FUNCTION = YES;
				GCC_WARN_UNUSED_VARIABLE = YES;
				IPHONEOS_DEPLOYMENT_TARGET = 16.4;
				MTL_ENABLE_DEBUG_INFO = NO;
				MTL_FAST_MATH = YES;
				SDKROOT = iphoneos;
				SWIFT_COMPILATION_MODE = wholemodule;
				SWIFT_OPTIMIZATION_LEVEL = "-O";
				VALIDATE_PRODUCT = YES;
			};
			name = Release;
		};
		ACE029CE2BF3EABD00079195 /* Debug */ = {
			isa = XCBuildConfiguration;
			buildSettings = {
				ASSETCATALOG_COMPILER_APPICON_NAME = AppIcon;
				ASSETCATALOG_COMPILER_GLOBAL_ACCENT_COLOR_NAME = AccentColor;
				CODE_SIGN_STYLE = Automatic;
				CURRENT_PROJECT_VERSION = 1;
				GENERATE_INFOPLIST_FILE = YES;
				INFOPLIST_FILE = NavegandoEntreTelas/Info.plist;
				INFOPLIST_KEY_UIApplicationSupportsIndirectInputEvents = YES;
				INFOPLIST_KEY_UILaunchStoryboardName = LaunchScreen;
				INFOPLIST_KEY_UIMainStoryboardFile = Main;
				INFOPLIST_KEY_UISupportedInterfaceOrientations_iPad = "UIInterfaceOrientationPortrait UIInterfaceOrientationPortraitUpsideDown UIInterfaceOrientationLandscapeLeft UIInterfaceOrientationLandscapeRight";
				INFOPLIST_KEY_UISupportedInterfaceOrientations_iPhone = "UIInterfaceOrientationPortrait UIInterfaceOrientationLandscapeLeft UIInterfaceOrientationLandscapeRight";
				LD_RUNPATH_SEARCH_PATHS = (
					"$(inherited)",
					"@executable_path/Frameworks",
				);
				MARKETING_VERSION = 1.0;
				PRODUCT_BUNDLE_IDENTIFIER = br.com.galesso.NavegandoEntreTelas;
				PRODUCT_NAME = "$(TARGET_NAME)";
				SWIFT_EMIT_LOC_STRINGS = YES;
				SWIFT_VERSION = 5.0;
				TARGETED_DEVICE_FAMILY = "1,2";
			};
			name = Debug;
		};
		ACE029CF2BF3EABD00079195 /* Release */ = {
			isa = XCBuildConfiguration;
			buildSettings = {
				ASSETCATALOG_COMPILER_APPICON_NAME = AppIcon;
				ASSETCATALOG_COMPILER_GLOBAL_ACCENT_COLOR_NAME = AccentColor;
				CODE_SIGN_STYLE = Automatic;
				CURRENT_PROJECT_VERSION = 1;
				GENERATE_INFOPLIST_FILE = YES;
				INFOPLIST_FILE = NavegandoEntreTelas/Info.plist;
				INFOPLIST_KEY_UIApplicationSupportsIndirectInputEvents = YES;
				INFOPLIST_KEY_UILaunchStoryboardName = LaunchScreen;
				INFOPLIST_KEY_UIMainStoryboardFile = Main;
				INFOPLIST_KEY_UISupportedInterfaceOrientations_iPad = "UIInterfaceOrientationPortrait UIInterfaceOrientationPortraitUpsideDown UIInterfaceOrientationLandscapeLeft UIInterfaceOrientationLandscapeRight";
				INFOPLIST_KEY_UISupportedInterfaceOrientations_iPhone = "UIInterfaceOrientationPortrait UIInterfaceOrientationLandscapeLeft UIInterfaceOrientationLandscapeRight";
				LD_RUNPATH_SEARCH_PATHS = (
					"$(inherited)",
					"@executable_path/Frameworks",
				);
				MARKETING_VERSION = 1.0;
				PRODUCT_BUNDLE_IDENTIFIER = br.com.galesso.NavegandoEntreTelas;
				PRODUCT_NAME = "$(TARGET_NAME)";
				SWIFT_EMIT_LOC_STRINGS = YES;
				SWIFT_VERSION = 5.0;
				TARGETED_DEVICE_FAMILY = "1,2";
			};
			name = Release;
		};
/* End XCBuildConfiguration section */

/* Begin XCConfigurationList section */
		ACE029B42BF3EAB800079195 /* Build configuration list for PBXProject "NavegandoEntreTelas" */ = {
			isa = XCConfigurationList;
			buildConfigurations = (
				ACE029CB2BF3EABD00079195 /* Debug */,
				ACE029CC2BF3EABD00079195 /* Release */,
			);
			defaultConfigurationIsVisible = 0;
			defaultConfigurationName = Release;
		};
		ACE029CD2BF3EABD00079195 /* Build configuration list for PBXNativeTarget "NavegandoEntreTelas" */ = {
			isa = XCConfigurationList;
			buildConfigurations = (
				ACE029CE2BF3EABD00079195 /* Debug */,
				ACE029CF2BF3EABD00079195 /* Release */,
			);
			defaultConfigurationIsVisible = 0;
			defaultConfigurationName = Release;
		};
/* End XCConfigurationList section */
	};
	rootObject = ACE029B12BF3EAB800079195 /* Project object */;
}
